
Microsoft Visual Studio Solution File, Format Version 12.00
# Visual Studio Version 17
VisualStudioVersion = 17.0.31912.275
MinimumVisualStudioVersion = 10.0.40219.1
Project("{9A19103F-16F7-4668-BE54-9A1E7A4F7556}") = "OpenApiWeb", "OpenApiWeb\OpenApiWeb.csproj", "{2769E10B-0CFD-46FD-94CA-25A48A91980C}"
EndProject
Project("{FAE04EC0-301F-11D3-BF4B-00C04F79EFBC}") = "ConsoleAppClient", "ConsoleAppClient\ConsoleAppClient.csproj", "{05AAC6C8-CE77-4FDF-B113-EA2EB4846E33}"
EndProject
Global
	GlobalSection(SolutionConfigurationPlatforms) = preSolution
		Debug|Any CPU = Debug|Any CPU
		Release|Any CPU = Release|Any CPU
	EndGlobalSection
	GlobalSection(ProjectConfigurationPlatforms) = postSolution
		{2769E10B-0CFD-46FD-94CA-25A48A91980C}.Debug|Any CPU.ActiveCfg = Debug|Any CPU
		{2769E10B-0CFD-46FD-94CA-25A48A91980C}.Debug|Any CPU.Build.0 = Debug|Any CPU
		{2769E10B-0CFD-46FD-94CA-25A48A91980C}.Release|Any CPU.ActiveCfg = Release|Any CPU
		{2769E10B-0CFD-46FD-94CA-25A48A91980C}.Release|Any CPU.Build.0 = Release|Any CPU
		{05AAC6C8-CE77-4FDF-B113-EA2EB4846E33}.Debug|Any CPU.ActiveCfg = Debug|Any CPU
		{05AAC6C8-CE77-4FDF-B113-EA2EB4846E33}.Debug|Any CPU.Build.0 = Debug|Any CPU
		{05AAC6C8-CE77-4FDF-B113-EA2EB4846E33}.Release|Any CPU.ActiveCfg = Release|Any CPU
		{05AAC6C8-CE77-4FDF-B113-EA2EB4846E33}.Release|Any CPU.Build.0 = Release|Any CPU
	EndGlobalSection
	GlobalSection(SolutionProperties) = preSolution
		HideSolutionNode = FALSE
	EndGlobalSection
	GlobalSection(ExtensibilityGlobals) = postSolution
		SolutionGuid = {29A4E219-9828-4EB1-872D-A2D17B445805}
	EndGlobalSection
EndGlobal
